# This file is @generated by Cargo.
# It is not intended for manual editing.
version = 3

[[package]]
name = "rclone-web-gui-backend"
version = "0.1.0"
dependencies = [
 "anyhow",
 "axum",
 "base64",
 "clap",
 "reqwest",
 "serde",
 "serde_json",
 "thiserror",
 "tokio",
 "tower",
 "tower-http",
 "tracing",
 "tracing-subscriber",
]
